
Microsoft Visual Studio Solution File, Format Version 12.00
# Visual Studio Version 17
VisualStudioVersion = 17.13.35825.156 d17.13
MinimumVisualStudioVersion = 10.0.40219.1
Project("{FAE04EC0-301F-11D3-BF4B-00C04F79EFBC}") = "HackerNewsAPI", "HackerNewsAPI\HackerNewsAPI.csproj", "{BA780917-57FD-4856-853F-447EA2ED7D96}"
EndProject
Global
	GlobalSection(SolutionConfigurationPlatforms) = preSolution
		Debug|Any CPU = Debug|Any CPU
		Release|Any CPU = Release|Any CPU
	EndGlobalSection
	GlobalSection(ProjectConfigurationPlatforms) = postSolution
		{BA780917-57FD-4856-853F-447EA2ED7D96}.Debug|Any CPU.ActiveCfg = Debug|Any CPU
		{BA780917-57FD-4856-853F-447EA2ED7D96}.Debug|Any CPU.Build.0 = Debug|Any CPU
		{BA780917-57FD-4856-853F-447EA2ED7D96}.Release|Any CPU.ActiveCfg = Release|Any CPU
		{BA780917-57FD-4856-853F-447EA2ED7D96}.Release|Any CPU.Build.0 = Release|Any CPU
	EndGlobalSection
	GlobalSection(SolutionProperties) = preSolution
		HideSolutionNode = FALSE
	EndGlobalSection
	GlobalSection(ExtensibilityGlobals) = postSolution
		SolutionGuid = {520D35EF-01AF-4F0F-A246-7267A1CC9D42}
	EndGlobalSection
EndGlobal
