
Microsoft Visual Studio Solution File, Format Version 12.00
# Visual Studio Version 17
VisualStudioVersion = 17.13.35825.156
MinimumVisualStudioVersion = 10.0.40219.1
Project("{FAE04EC0-301F-11D3-BF4B-00C04F79EFBC}") = "HackerNewsAPI", "HackerNewsAPI\HackerNewsAPI.csproj", "{BA780917-57FD-4856-853F-447EA2ED7D96}"
EndProject
Project("{FAE04EC0-301F-11D3-BF4B-00C04F79EFBC}") = "HackerNewsAPI.Core", "HackerNewsAPI.Core\HackerNewsAPI.Core.csproj", "{F7F43ACA-7483-443C-841B-14B9B5CD95B2}"
EndProject
Project("{FAE04EC0-301F-11D3-BF4B-00C04F79EFBC}") = "HackerNewsAPI.Tests", "HackerNewsAPI.Tests\HackerNewsAPI.Tests.csproj", "{B4FB5B5D-953D-4919-B6F3-FE0E3770F0F6}"
EndProject
Global
	GlobalSection(SolutionConfigurationPlatforms) = preSolution
		Debug|Any CPU = Debug|Any CPU
		Release|Any CPU = Release|Any CPU
	EndGlobalSection
	GlobalSection(ProjectConfigurationPlatforms) = postSolution
		{BA780917-57FD-4856-853F-447EA2ED7D96}.Debug|Any CPU.ActiveCfg = Debug|Any CPU
		{BA780917-57FD-4856-853F-447EA2ED7D96}.Debug|Any CPU.Build.0 = Debug|Any CPU
		{BA780917-57FD-4856-853F-447EA2ED7D96}.Release|Any CPU.ActiveCfg = Release|Any CPU
		{BA780917-57FD-4856-853F-447EA2ED7D96}.Release|Any CPU.Build.0 = Release|Any CPU
		{F7F43ACA-7483-443C-841B-14B9B5CD95B2}.Debug|Any CPU.ActiveCfg = Debug|Any CPU
		{F7F43ACA-7483-443C-841B-14B9B5CD95B2}.Debug|Any CPU.Build.0 = Debug|Any CPU
		{F7F43ACA-7483-443C-841B-14B9B5CD95B2}.Release|Any CPU.ActiveCfg = Release|Any CPU
		{F7F43ACA-7483-443C-841B-14B9B5CD95B2}.Release|Any CPU.Build.0 = Release|Any CPU
		{B4FB5B5D-953D-4919-B6F3-FE0E3770F0F6}.Debug|Any CPU.ActiveCfg = Debug|Any CPU
		{B4FB5B5D-953D-4919-B6F3-FE0E3770F0F6}.Debug|Any CPU.Build.0 = Debug|Any CPU
		{B4FB5B5D-953D-4919-B6F3-FE0E3770F0F6}.Release|Any CPU.ActiveCfg = Release|Any CPU
		{B4FB5B5D-953D-4919-B6F3-FE0E3770F0F6}.Release|Any CPU.Build.0 = Release|Any CPU
	EndGlobalSection
	GlobalSection(SolutionProperties) = preSolution
		HideSolutionNode = FALSE
	EndGlobalSection
	GlobalSection(ExtensibilityGlobals) = postSolution
		SolutionGuid = {520D35EF-01AF-4F0F-A246-7267A1CC9D42}
	EndGlobalSection
EndGlobal
